
Microsoft Visual Studio Solution File, Format Version 12.00
# Visual Studio Version 16
VisualStudioVersion = 16.0.29905.134
MinimumVisualStudioVersion = 10.0.40219.1
Project("{FAE04EC0-301F-11D3-BF4B-00C04F79EFBC}") = "6. Twitter", "6. Twitter.csproj", "{E16174DE-60B2-4006-86BB-BCB1E26EF192}"
EndProject
Project("{FAE04EC0-301F-11D3-BF4B-00C04F79EFBC}") = "TwitterTests", "..\UnitTest\TwitterTests.csproj", "{DA7F7CE8-822A-4069-85FA-860C0F779A23}"
EndProject
Global
	GlobalSection(SolutionConfigurationPlatforms) = preSolution
		Debug|Any CPU = Debug|Any CPU
		Release|Any CPU = Release|Any CPU
	EndGlobalSection
	GlobalSection(ProjectConfigurationPlatforms) = postSolution
		{E16174DE-60B2-4006-86BB-BCB1E26EF192}.Debug|Any CPU.ActiveCfg = Debug|Any CPU
		{E16174DE-60B2-4006-86BB-BCB1E26EF192}.Debug|Any CPU.Build.0 = Debug|Any CPU
		{E16174DE-60B2-4006-86BB-BCB1E26EF192}.Release|Any CPU.ActiveCfg = Release|Any CPU
		{E16174DE-60B2-4006-86BB-BCB1E26EF192}.Release|Any CPU.Build.0 = Release|Any CPU
		{DA7F7CE8-822A-4069-85FA-860C0F779A23}.Debug|Any CPU.ActiveCfg = Debug|Any CPU
		{DA7F7CE8-822A-4069-85FA-860C0F779A23}.Debug|Any CPU.Build.0 = Debug|Any CPU
		{DA7F7CE8-822A-4069-85FA-860C0F779A23}.Release|Any CPU.ActiveCfg = Release|Any CPU
		{DA7F7CE8-822A-4069-85FA-860C0F779A23}.Release|Any CPU.Build.0 = Release|Any CPU
	EndGlobalSection
	GlobalSection(SolutionProperties) = preSolution
		HideSolutionNode = FALSE
	EndGlobalSection
	GlobalSection(ExtensibilityGlobals) = postSolution
		SolutionGuid = {9D741C1B-8E63-4E42-BC6E-697E3A3ADED0}
	EndGlobalSection
EndGlobal
