
Microsoft Visual Studio Solution File, Format Version 12.00
# Visual Studio Version 16
VisualStudioVersion = 16.0.28803.452
MinimumVisualStudioVersion = 10.0.40219.1
Project("{FAE04EC0-301F-11D3-BF4B-00C04F79EFBC}") = "LinqAndLamdaExpressions", "LinqAndLamdaExpressions\LinqAndLamdaExpressions.csproj", "{5BAA95C6-5D34-446E-AB54-11F7A97E60C3}"
EndProject
Project("{9A19103F-16F7-4668-BE54-9A1E7A4F7556}") = "Clock", "Clock\Clock.csproj", "{B7FD6630-E0C3-4D85-A323-00EDCC54E0D5}"
EndProject
Project("{9A19103F-16F7-4668-BE54-9A1E7A4F7556}") = "String", "String\String.csproj", "{87C5F2DA-DDD6-4776-A4C4-860AA2BC776F}"
EndProject
Project("{9A19103F-16F7-4668-BE54-9A1E7A4F7556}") = "FilePrint", "FilePrint\FilePrint.csproj", "{4839C72E-8AFE-42D1-82D4-BC4D179A06D3}"
EndProject
Project("{9A19103F-16F7-4668-BE54-9A1E7A4F7556}") = "SmoothSentences", "SmoothSentences\SmoothSentences.csproj", "{A5ACA5F1-E251-4D6E-8B71-08EA88508866}"
EndProject
Project("{FAE04EC0-301F-11D3-BF4B-00C04F79EFBC}") = "TestSmoothSenteces", "TestSmoothSenteces\TestSmoothSenteces.csproj", "{1057EF6B-D9E6-4407-93EC-BDF075469D61}"
EndProject
Global
	GlobalSection(SolutionConfigurationPlatforms) = preSolution
		Debug|Any CPU = Debug|Any CPU
		Release|Any CPU = Release|Any CPU
	EndGlobalSection
	GlobalSection(ProjectConfigurationPlatforms) = postSolution
		{5BAA95C6-5D34-446E-AB54-11F7A97E60C3}.Debug|Any CPU.ActiveCfg = Debug|Any CPU
		{5BAA95C6-5D34-446E-AB54-11F7A97E60C3}.Debug|Any CPU.Build.0 = Debug|Any CPU
		{5BAA95C6-5D34-446E-AB54-11F7A97E60C3}.Release|Any CPU.ActiveCfg = Release|Any CPU
		{5BAA95C6-5D34-446E-AB54-11F7A97E60C3}.Release|Any CPU.Build.0 = Release|Any CPU
		{B7FD6630-E0C3-4D85-A323-00EDCC54E0D5}.Debug|Any CPU.ActiveCfg = Debug|Any CPU
		{B7FD6630-E0C3-4D85-A323-00EDCC54E0D5}.Debug|Any CPU.Build.0 = Debug|Any CPU
		{B7FD6630-E0C3-4D85-A323-00EDCC54E0D5}.Release|Any CPU.ActiveCfg = Release|Any CPU
		{B7FD6630-E0C3-4D85-A323-00EDCC54E0D5}.Release|Any CPU.Build.0 = Release|Any CPU
		{87C5F2DA-DDD6-4776-A4C4-860AA2BC776F}.Debug|Any CPU.ActiveCfg = Debug|Any CPU
		{87C5F2DA-DDD6-4776-A4C4-860AA2BC776F}.Debug|Any CPU.Build.0 = Debug|Any CPU
		{87C5F2DA-DDD6-4776-A4C4-860AA2BC776F}.Release|Any CPU.ActiveCfg = Release|Any CPU
		{87C5F2DA-DDD6-4776-A4C4-860AA2BC776F}.Release|Any CPU.Build.0 = Release|Any CPU
		{4839C72E-8AFE-42D1-82D4-BC4D179A06D3}.Debug|Any CPU.ActiveCfg = Debug|Any CPU
		{4839C72E-8AFE-42D1-82D4-BC4D179A06D3}.Debug|Any CPU.Build.0 = Debug|Any CPU
		{4839C72E-8AFE-42D1-82D4-BC4D179A06D3}.Release|Any CPU.ActiveCfg = Release|Any CPU
		{4839C72E-8AFE-42D1-82D4-BC4D179A06D3}.Release|Any CPU.Build.0 = Release|Any CPU
		{A5ACA5F1-E251-4D6E-8B71-08EA88508866}.Debug|Any CPU.ActiveCfg = Debug|Any CPU
		{A5ACA5F1-E251-4D6E-8B71-08EA88508866}.Debug|Any CPU.Build.0 = Debug|Any CPU
		{A5ACA5F1-E251-4D6E-8B71-08EA88508866}.Release|Any CPU.ActiveCfg = Release|Any CPU
		{A5ACA5F1-E251-4D6E-8B71-08EA88508866}.Release|Any CPU.Build.0 = Release|Any CPU
		{1057EF6B-D9E6-4407-93EC-BDF075469D61}.Debug|Any CPU.ActiveCfg = Debug|Any CPU
		{1057EF6B-D9E6-4407-93EC-BDF075469D61}.Debug|Any CPU.Build.0 = Debug|Any CPU
		{1057EF6B-D9E6-4407-93EC-BDF075469D61}.Release|Any CPU.ActiveCfg = Release|Any CPU
		{1057EF6B-D9E6-4407-93EC-BDF075469D61}.Release|Any CPU.Build.0 = Release|Any CPU
	EndGlobalSection
	GlobalSection(SolutionProperties) = preSolution
		HideSolutionNode = FALSE
	EndGlobalSection
	GlobalSection(ExtensibilityGlobals) = postSolution
		SolutionGuid = {75EA6756-723D-4F7A-B8D7-17B5FD9642D0}
	EndGlobalSection
EndGlobal
