
Microsoft Visual Studio Solution File, Format Version 12.00
# Visual Studio Version 16
VisualStudioVersion = 16.0.29905.134
MinimumVisualStudioVersion = 10.0.40219.1
Project("{9A19103F-16F7-4668-BE54-9A1E7A4F7556}") = "Hotel", "Hotel.csproj", "{F1C63A68-DCED-4792-BD28-AD2BBF8B3412}"
EndProject
Project("{9A19103F-16F7-4668-BE54-9A1E7A4F7556}") = "Car store app", "..\Car store\Car store app.csproj", "{1EE01697-9B35-4774-9DDE-9EB0C15757C8}"
EndProject
Project("{2150E333-8FDC-42A3-9474-1A3956D46DE8}") = "Homework2", "Homework2", "{D3805A4B-8314-4753-8FA2-0C8011A7E8A2}"
EndProject
Project("{9A19103F-16F7-4668-BE54-9A1E7A4F7556}") = "Parking Lot", "..\ParkingLot\Parking Lot.csproj", "{C27EB9A0-207B-4584-A14C-F5CCFBB3EA49}"
EndProject
Global
	GlobalSection(SolutionConfigurationPlatforms) = preSolution
		Debug|Any CPU = Debug|Any CPU
		Release|Any CPU = Release|Any CPU
	EndGlobalSection
	GlobalSection(ProjectConfigurationPlatforms) = postSolution
		{F1C63A68-DCED-4792-BD28-AD2BBF8B3412}.Debug|Any CPU.ActiveCfg = Debug|Any CPU
		{F1C63A68-DCED-4792-BD28-AD2BBF8B3412}.Debug|Any CPU.Build.0 = Debug|Any CPU
		{F1C63A68-DCED-4792-BD28-AD2BBF8B3412}.Release|Any CPU.ActiveCfg = Release|Any CPU
		{F1C63A68-DCED-4792-BD28-AD2BBF8B3412}.Release|Any CPU.Build.0 = Release|Any CPU
		{1EE01697-9B35-4774-9DDE-9EB0C15757C8}.Debug|Any CPU.ActiveCfg = Debug|Any CPU
		{1EE01697-9B35-4774-9DDE-9EB0C15757C8}.Debug|Any CPU.Build.0 = Debug|Any CPU
		{1EE01697-9B35-4774-9DDE-9EB0C15757C8}.Release|Any CPU.ActiveCfg = Release|Any CPU
		{1EE01697-9B35-4774-9DDE-9EB0C15757C8}.Release|Any CPU.Build.0 = Release|Any CPU
		{C27EB9A0-207B-4584-A14C-F5CCFBB3EA49}.Debug|Any CPU.ActiveCfg = Debug|Any CPU
		{C27EB9A0-207B-4584-A14C-F5CCFBB3EA49}.Debug|Any CPU.Build.0 = Debug|Any CPU
		{C27EB9A0-207B-4584-A14C-F5CCFBB3EA49}.Release|Any CPU.ActiveCfg = Release|Any CPU
		{C27EB9A0-207B-4584-A14C-F5CCFBB3EA49}.Release|Any CPU.Build.0 = Release|Any CPU
	EndGlobalSection
	GlobalSection(SolutionProperties) = preSolution
		HideSolutionNode = FALSE
	EndGlobalSection
	GlobalSection(NestedProjects) = preSolution
		{F1C63A68-DCED-4792-BD28-AD2BBF8B3412} = {D3805A4B-8314-4753-8FA2-0C8011A7E8A2}
		{1EE01697-9B35-4774-9DDE-9EB0C15757C8} = {D3805A4B-8314-4753-8FA2-0C8011A7E8A2}
		{C27EB9A0-207B-4584-A14C-F5CCFBB3EA49} = {D3805A4B-8314-4753-8FA2-0C8011A7E8A2}
	EndGlobalSection
	GlobalSection(ExtensibilityGlobals) = postSolution
		SolutionGuid = {0E16EA97-27EF-4CCC-8EA9-861B4F91327A}
	EndGlobalSection
EndGlobal
